<?xml version="1.0" encoding="utf-8"?>
<Project ToolsVersion="16.0" xmlns="http://schemas.microsoft.com/developer/msbuild/2003">
  <ItemGroup>
    <ClCompile Include="C:\Users\LZ\Documents\roosek2\roosek2_autogen\mocs_compilation.cpp">
      <Filter>Source Files</Filter>
    </ClCompile>
    <ClCompile Include="C:\Users\LZ\Documents\roosek2\main.cpp">
      <Filter>Source Files</Filter>
    </ClCompile>
    <ClCompile Include="C:\Users\LZ\Documents\roosek2\roosek2_autogen\EWIEGA46WW\qrc_qml.cpp">
      <Filter>Source Files</Filter>
    </ClCompile>
  </ItemGroup>
  <ItemGroup>
    <CustomBuild Include="C:\Users\LZ\Documents\roosek2\CMakeFiles\d6ceafbb2aad84b2d0c3ced4c64a8d5d\qrc_qml.cpp.rule">
      <Filter>CMake Rules</Filter>
    </CustomBuild>
    <CustomBuild Include="C:\Users\LZ\Documents\roosek2\CMakeLists.txt" />
  </ItemGroup>
  <ItemGroup>
    <None Include="C:\Users\LZ\Documents\roosek2\qml.qrc" />
  </ItemGroup>
  <ItemGroup>
    <Filter Include="CMake Rules">
      <UniqueIdentifier>{61AA62B5-64D5-338F-996E-96EB2C42276F}</UniqueIdentifier>
    </Filter>
    <Filter Include="Source Files">
      <UniqueIdentifier>{5E06EA16-3228-3105-84E8-479B60019338}</UniqueIdentifier>
    </Filter>
  </ItemGroup>
</Project>
