<?xml version="1.0" encoding="utf-8"?>
<Project ToolsVersion="16.0" xmlns="http://schemas.microsoft.com/developer/msbuild/2003">
  <ItemGroup>
    <CustomBuild Include="C:\Users\LZ\Documents\roosek2\CMakeFiles\f38df037ffcc4dfbef54cecce1752793\generate.stamp.rule">
      <Filter>CMake Rules</Filter>
    </CustomBuild>
  </ItemGroup>
  <ItemGroup>
    <Filter Include="CMake Rules">
      <UniqueIdentifier>{61AA62B5-64D5-338F-996E-96EB2C42276F}</UniqueIdentifier>
    </Filter>
  </ItemGroup>
</Project>
