<?xml version="1.0" encoding="utf-8"?>
<Project ToolsVersion="16.0" xmlns="http://schemas.microsoft.com/developer/msbuild/2003">
  <ItemGroup>
    <CustomBuild Include="C:\msys64\home\LZ\roosek_ocr2\CMakeFiles\703ac1857b24d3d2241cf92e3e9790f7\generate.stamp.rule">
      <Filter>CMake Rules</Filter>
    </CustomBuild>
  </ItemGroup>
  <ItemGroup>
    <Filter Include="CMake Rules">
      <UniqueIdentifier>{E2D3A5D1-63BD-3BE0-B678-909F9CDE169C}</UniqueIdentifier>
    </Filter>
  </ItemGroup>
</Project>
